// !$*UTF8*$!
{
	archiveVersion = 1;
	classes = {
	};
	objectVersion = 46;
	objects = {

/* Begin PBXBuildFile section */
		1423C7C91CE5400400D5F1A1 /* CollectionViewCell.swift in Sources */ = {isa = PBXBuildFile; fileRef = 1423C7C81CE5400400D5F1A1 /* CollectionViewCell.swift */; };
		1436A5D41CE3E18900801591 /* Model.xcdatamodeld in Sources */ = {isa = PBXBuildFile; fileRef = 1436A5D21CE3E18900801591 /* Model.xcdatamodeld */; };
		1436A6131CE43AC100801591 /* CollectionViewController.swift in Sources */ = {isa = PBXBuildFile; fileRef = 1436A6121CE43AC100801591 /* CollectionViewController.swift */; };
		144EB0B51CE0E73A00F9509F /* AppDelegate.swift in Sources */ = {isa = PBXBuildFile; fileRef = 144EB0B41CE0E73A00F9509F /* AppDelegate.swift */; };
		144EB0B71CE0E73A00F9509F /* ViewController.swift in Sources */ = {isa = PBXBuildFile; fileRef = 144EB0B61CE0E73A00F9509F /* ViewController.swift */; };
		144EB0BA1CE0E73A00F9509F /* Main.storyboard in Resources */ = {isa = PBXBuildFile; fileRef = 144EB0B81CE0E73A00F9509F /* Main.storyboard */; };
		144EB0BC1CE0E73A00F9509F /* Assets.xcassets in Resources */ = {isa = PBXBuildFile; fileRef = 144EB0BB1CE0E73A00F9509F /* Assets.xcassets */; };
		144EB0BF1CE0E73A00F9509F /* LaunchScreen.storyboard in Resources */ = {isa = PBXBuildFile; fileRef = 144EB0BD1CE0E73A00F9509F /* LaunchScreen.storyboard */; };
		144EB0CA1CE0E73A00F9509F /* GesturePinTests.swift in Sources */ = {isa = PBXBuildFile; fileRef = 144EB0C91CE0E73A00F9509F /* GesturePinTests.swift */; };
		144EB0D51CE0E73A00F9509F /* GesturePinUITests.swift in Sources */ = {isa = PBXBuildFile; fileRef = 144EB0D41CE0E73A00F9509F /* GesturePinUITests.swift */; };
		144EB0E31CE0E7B900F9509F /* MapKit.framework in Frameworks */ = {isa = PBXBuildFile; fileRef = 144EB0E21CE0E7B900F9509F /* MapKit.framework */; };
		144EB0E51CE1301A00F9509F /* TestForPin.swift in Sources */ = {isa = PBXBuildFile; fileRef = 144EB0E41CE1301A00F9509F /* TestForPin.swift */; };
		144EB0EC1CE1660F00F9509F /* VirtualTouristClient.swift in Sources */ = {isa = PBXBuildFile; fileRef = 144EB0EB1CE1660F00F9509F /* VirtualTouristClient.swift */; };
		144EB1081CE1740700F9509F /* Constants.swift in Sources */ = {isa = PBXBuildFile; fileRef = 144EB1071CE1740700F9509F /* Constants.swift */; };
		144EB10A1CE17A0000F9509F /* GCDBlackBox.swift in Sources */ = {isa = PBXBuildFile; fileRef = 144EB1091CE17A0000F9509F /* GCDBlackBox.swift */; };
		144EB10C1CE17BD700F9509F /* imageInfo.swift in Sources */ = {isa = PBXBuildFile; fileRef = 144EB10B1CE17BD700F9509F /* imageInfo.swift */; };
		144EB10E1CE192C800F9509F /* ImageDetailViewController.swift in Sources */ = {isa = PBXBuildFile; fileRef = 144EB10D1CE192C800F9509F /* ImageDetailViewController.swift */; };
		144EB1101CE1949D00F9509F /* image.swift in Sources */ = {isa = PBXBuildFile; fileRef = 144EB10F1CE1949D00F9509F /* image.swift */; };
		147DFD591CEBE57200F2946C /* TestVC1.swift in Sources */ = {isa = PBXBuildFile; fileRef = 147DFD581CEBE57200F2946C /* TestVC1.swift */; };
		147DFD5B1CEBE58100F2946C /* TestVC2.swift in Sources */ = {isa = PBXBuildFile; fileRef = 147DFD5A1CEBE58100F2946C /* TestVC2.swift */; };
		148DE8CB1CE2B6DC0021DF33 /* Pin.swift in Sources */ = {isa = PBXBuildFile; fileRef = 148DE8CA1CE2B6DC0021DF33 /* Pin.swift */; };
		148DE8CD1CE2C9BA0021DF33 /* ImageCache.swift in Sources */ = {isa = PBXBuildFile; fileRef = 148DE8CC1CE2C9BA0021DF33 /* ImageCache.swift */; };
		148DE8CF1CE2E8500021DF33 /* CoreDataStackManager.swift in Sources */ = {isa = PBXBuildFile; fileRef = 148DE8CE1CE2E8500021DF33 /* CoreDataStackManager.swift */; };
/* End PBXBuildFile section */

/* Begin PBXContainerItemProxy section */
		144EB0C61CE0E73A00F9509F /* PBXContainerItemProxy */ = {
			isa = PBXContainerItemProxy;
			containerPortal = 144EB0A91CE0E73900F9509F /* Project object */;
			proxyType = 1;
			remoteGlobalIDString = 144EB0B01CE0E73900F9509F;
			remoteInfo = GesturePin;
		};
		144EB0D11CE0E73A00F9509F /* PBXContainerItemProxy */ = {
			isa = PBXContainerItemProxy;
			containerPortal = 144EB0A91CE0E73900F9509F /* Project object */;
			proxyType = 1;
			remoteGlobalIDString = 144EB0B01CE0E73900F9509F;
			remoteInfo = GesturePin;
		};
/* End PBXContainerItemProxy section */

/* Begin PBXFileReference section */
		1423C7C81CE5400400D5F1A1 /* CollectionViewCell.swift */ = {isa = PBXFileReference; fileEncoding = 4; lastKnownFileType = sourcecode.swift; path = CollectionViewCell.swift; sourceTree = "<group>"; };
		1436A5D31CE3E18900801591 /* Model.xcdatamodel */ = {isa = PBXFileReference; lastKnownFileType = wrapper.xcdatamodel; path = Model.xcdatamodel; sourceTree = "<group>"; };
		1436A6121CE43AC100801591 /* CollectionViewController.swift */ = {isa = PBXFileReference; fileEncoding = 4; lastKnownFileType = sourcecode.swift; path = CollectionViewController.swift; sourceTree = "<group>"; };
		144EB0B11CE0E73900F9509F /* GesturePin.app */ = {isa = PBXFileReference; explicitFileType = wrapper.application; includeInIndex = 0; path = GesturePin.app; sourceTree = BUILT_PRODUCTS_DIR; };
		144EB0B41CE0E73A00F9509F /* AppDelegate.swift */ = {isa = PBXFileReference; lastKnownFileType = sourcecode.swift; path = AppDelegate.swift; sourceTree = "<group>"; };
		144EB0B61CE0E73A00F9509F /* ViewController.swift */ = {isa = PBXFileReference; lastKnownFileType = sourcecode.swift; path = ViewController.swift; sourceTree = "<group>"; };
		144EB0B91CE0E73A00F9509F /* Base */ = {isa = PBXFileReference; lastKnownFileType = file.storyboard; name = Base; path = Base.lproj/Main.storyboard; sourceTree = "<group>"; };
		144EB0BB1CE0E73A00F9509F /* Assets.xcassets */ = {isa = PBXFileReference; lastKnownFileType = folder.assetcatalog; path = Assets.xcassets; sourceTree = "<group>"; };
		144EB0BE1CE0E73A00F9509F /* Base */ = {isa = PBXFileReference; lastKnownFileType = file.storyboard; name = Base; path = Base.lproj/LaunchScreen.storyboard; sourceTree = "<group>"; };
		144EB0C01CE0E73A00F9509F /* Info.plist */ = {isa = PBXFileReference; lastKnownFileType = text.plist.xml; path = Info.plist; sourceTree = "<group>"; };
		144EB0C51CE0E73A00F9509F /* GesturePinTests.xctest */ = {isa = PBXFileReference; explicitFileType = wrapper.cfbundle; includeInIndex = 0; path = GesturePinTests.xctest; sourceTree = BUILT_PRODUCTS_DIR; };
		144EB0C91CE0E73A00F9509F /* GesturePinTests.swift */ = {isa = PBXFileReference; lastKnownFileType = sourcecode.swift; path = GesturePinTests.swift; sourceTree = "<group>"; };
		144EB0CB1CE0E73A00F9509F /* Info.plist */ = {isa = PBXFileReference; lastKnownFileType = text.plist.xml; path = Info.plist; sourceTree = "<group>"; };
		144EB0D01CE0E73A00F9509F /* GesturePinUITests.xctest */ = {isa = PBXFileReference; explicitFileType = wrapper.cfbundle; includeInIndex = 0; path = GesturePinUITests.xctest; sourceTree = BUILT_PRODUCTS_DIR; };
		144EB0D41CE0E73A00F9509F /* GesturePinUITests.swift */ = {isa = PBXFileReference; lastKnownFileType = sourcecode.swift; path = GesturePinUITests.swift; sourceTree = "<group>"; };
		144EB0D61CE0E73A00F9509F /* Info.plist */ = {isa = PBXFileReference; lastKnownFileType = text.plist.xml; path = Info.plist; sourceTree = "<group>"; };
		144EB0E21CE0E7B900F9509F /* MapKit.framework */ = {isa = PBXFileReference; lastKnownFileType = wrapper.framework; name = MapKit.framework; path = System/Library/Frameworks/MapKit.framework; sourceTree = SDKROOT; };
		144EB0E41CE1301A00F9509F /* TestForPin.swift */ = {isa = PBXFileReference; fileEncoding = 4; lastKnownFileType = sourcecode.swift; path = TestForPin.swift; sourceTree = "<group>"; };
		144EB0EB1CE1660F00F9509F /* VirtualTouristClient.swift */ = {isa = PBXFileReference; fileEncoding = 4; lastKnownFileType = sourcecode.swift; path = VirtualTouristClient.swift; sourceTree = "<group>"; };
		144EB1071CE1740700F9509F /* Constants.swift */ = {isa = PBXFileReference; fileEncoding = 4; lastKnownFileType = sourcecode.swift; name = Constants.swift; path = ../Constants.swift; sourceTree = "<group>"; };
		144EB1091CE17A0000F9509F /* GCDBlackBox.swift */ = {isa = PBXFileReference; fileEncoding = 4; lastKnownFileType = sourcecode.swift; path = GCDBlackBox.swift; sourceTree = "<group>"; };
		144EB10B1CE17BD700F9509F /* imageInfo.swift */ = {isa = PBXFileReference; fileEncoding = 4; lastKnownFileType = sourcecode.swift; path = imageInfo.swift; sourceTree = "<group>"; };
		144EB10D1CE192C800F9509F /* ImageDetailViewController.swift */ = {isa = PBXFileReference; fileEncoding = 4; lastKnownFileType = sourcecode.swift; path = ImageDetailViewController.swift; sourceTree = "<group>"; };
		144EB10F1CE1949D00F9509F /* image.swift */ = {isa = PBXFileReference; fileEncoding = 4; lastKnownFileType = sourcecode.swift; path = image.swift; sourceTree = "<group>"; };
		147DFD581CEBE57200F2946C /* TestVC1.swift */ = {isa = PBXFileReference; fileEncoding = 4; lastKnownFileType = sourcecode.swift; path = TestVC1.swift; sourceTree = "<group>"; };
		147DFD5A1CEBE58100F2946C /* TestVC2.swift */ = {isa = PBXFileReference; fileEncoding = 4; lastKnownFileType = sourcecode.swift; path = TestVC2.swift; sourceTree = "<group>"; };
		148DE8CA1CE2B6DC0021DF33 /* Pin.swift */ = {isa = PBXFileReference; fileEncoding = 4; lastKnownFileType = sourcecode.swift; path = Pin.swift; sourceTree = "<group>"; };
		148DE8CC1CE2C9BA0021DF33 /* ImageCache.swift */ = {isa = PBXFileReference; fileEncoding = 4; lastKnownFileType = sourcecode.swift; path = ImageCache.swift; sourceTree = "<group>"; };
		148DE8CE1CE2E8500021DF33 /* CoreDataStackManager.swift */ = {isa = PBXFileReference; fileEncoding = 4; lastKnownFileType = sourcecode.swift; path = CoreDataStackManager.swift; sourceTree = "<group>"; };
/* End PBXFileReference section */

/* Begin PBXFrameworksBuildPhase section */
		144EB0AE1CE0E73900F9509F /* Frameworks */ = {
			isa = PBXFrameworksBuildPhase;
			buildActionMask = 2147483647;
			files = (
				144EB0E31CE0E7B900F9509F /* MapKit.framework in Frameworks */,
			);
			runOnlyForDeploymentPostprocessing = 0;
		};
		144EB0C21CE0E73A00F9509F /* Frameworks */ = {
			isa = PBXFrameworksBuildPhase;
			buildActionMask = 2147483647;
			files = (
			);
			runOnlyForDeploymentPostprocessing = 0;
		};
		144EB0CD1CE0E73A00F9509F /* Frameworks */ = {
			isa = PBXFrameworksBuildPhase;
			buildActionMask = 2147483647;
			files = (
			);
			runOnlyForDeploymentPostprocessing = 0;
		};
/* End PBXFrameworksBuildPhase section */

/* Begin PBXGroup section */
		1423C7C71CE53FDD00D5F1A1 /* CollectionViewGroup */ = {
			isa = PBXGroup;
			children = (
				1436A6121CE43AC100801591 /* CollectionViewController.swift */,
				1423C7C81CE5400400D5F1A1 /* CollectionViewCell.swift */,
			);
			name = CollectionViewGroup;
			sourceTree = "<group>";
		};
		144EB0A81CE0E73900F9509F = {
			isa = PBXGroup;
			children = (
				144EB0E21CE0E7B900F9509F /* MapKit.framework */,
				144EB0B31CE0E73A00F9509F /* GesturePin */,
				144EB0C81CE0E73A00F9509F /* GesturePinTests */,
				144EB0D31CE0E73A00F9509F /* GesturePinUITests */,
				144EB0B21CE0E73900F9509F /* Products */,
			);
			sourceTree = "<group>";
		};
		144EB0B21CE0E73900F9509F /* Products */ = {
			isa = PBXGroup;
			children = (
				144EB0B11CE0E73900F9509F /* GesturePin.app */,
				144EB0C51CE0E73A00F9509F /* GesturePinTests.xctest */,
				144EB0D01CE0E73A00F9509F /* GesturePinUITests.xctest */,
			);
			name = Products;
			sourceTree = "<group>";
		};
		144EB0B31CE0E73A00F9509F /* GesturePin */ = {
			isa = PBXGroup;
			children = (
				144EB1091CE17A0000F9509F /* GCDBlackBox.swift */,
				144EB10D1CE192C800F9509F /* ImageDetailViewController.swift */,
				148DE8CE1CE2E8500021DF33 /* CoreDataStackManager.swift */,
				144EB0B41CE0E73A00F9509F /* AppDelegate.swift */,
				1436A5D21CE3E18900801591 /* Model.xcdatamodeld */,
				144EB0B61CE0E73A00F9509F /* ViewController.swift */,
				1423C7C71CE53FDD00D5F1A1 /* CollectionViewGroup */,
				144EB0E81CE1648400F9509F /* VTClients */,
				144EB0B81CE0E73A00F9509F /* Main.storyboard */,
				147DFD5C1CEBE5C700F2946C /* Test */,
				144EB0BB1CE0E73A00F9509F /* Assets.xcassets */,
				144EB0BD1CE0E73A00F9509F /* LaunchScreen.storyboard */,
				144EB0C01CE0E73A00F9509F /* Info.plist */,
			);
			path = GesturePin;
			sourceTree = "<group>";
		};
		144EB0C81CE0E73A00F9509F /* GesturePinTests */ = {
			isa = PBXGroup;
			children = (
				144EB0C91CE0E73A00F9509F /* GesturePinTests.swift */,
				144EB0CB1CE0E73A00F9509F /* Info.plist */,
			);
			path = GesturePinTests;
			sourceTree = "<group>";
		};
		144EB0D31CE0E73A00F9509F /* GesturePinUITests */ = {
			isa = PBXGroup;
			children = (
				144EB0D41CE0E73A00F9509F /* GesturePinUITests.swift */,
				144EB0D61CE0E73A00F9509F /* Info.plist */,
			);
			path = GesturePinUITests;
			sourceTree = "<group>";
		};
		144EB0E81CE1648400F9509F /* VTClients */ = {
			isa = PBXGroup;
			children = (
				144EB0EB1CE1660F00F9509F /* VirtualTouristClient.swift */,
				144EB10B1CE17BD700F9509F /* imageInfo.swift */,
				148DE8CA1CE2B6DC0021DF33 /* Pin.swift */,
				144EB10F1CE1949D00F9509F /* image.swift */,
				148DE8CC1CE2C9BA0021DF33 /* ImageCache.swift */,
				144EB1071CE1740700F9509F /* Constants.swift */,
			);
			name = VTClients;
			sourceTree = "<group>";
		};
		147DFD5C1CEBE5C700F2946C /* Test */ = {
			isa = PBXGroup;
			children = (
				144EB0E41CE1301A00F9509F /* TestForPin.swift */,
				147DFD581CEBE57200F2946C /* TestVC1.swift */,
				147DFD5A1CEBE58100F2946C /* TestVC2.swift */,
			);
			name = Test;
			sourceTree = "<group>";
		};
/* End PBXGroup section */

/* Begin PBXNativeTarget section */
		144EB0B01CE0E73900F9509F /* GesturePin */ = {
			isa = PBXNativeTarget;
			buildConfigurationList = 144EB0D91CE0E73A00F9509F /* Build configuration list for PBXNativeTarget "GesturePin" */;
			buildPhases = (
				144EB0AD1CE0E73900F9509F /* Sources */,
				144EB0AE1CE0E73900F9509F /* Frameworks */,
				144EB0AF1CE0E73900F9509F /* Resources */,
			);
			buildRules = (
			);
			dependencies = (
			);
			name = GesturePin;
			productName = GesturePin;
			productReference = 144EB0B11CE0E73900F9509F /* GesturePin.app */;
			productType = "com.apple.product-type.application";
		};
		144EB0C41CE0E73A00F9509F /* GesturePinTests */ = {
			isa = PBXNativeTarget;
			buildConfigurationList = 144EB0DC1CE0E73A00F9509F /* Build configuration list for PBXNativeTarget "GesturePinTests" */;
			buildPhases = (
				144EB0C11CE0E73A00F9509F /* Sources */,
				144EB0C21CE0E73A00F9509F /* Frameworks */,
				144EB0C31CE0E73A00F9509F /* Resources */,
			);
			buildRules = (
			);
			dependencies = (
				144EB0C71CE0E73A00F9509F /* PBXTargetDependency */,
			);
			name = GesturePinTests;
			productName = GesturePinTests;
			productReference = 144EB0C51CE0E73A00F9509F /* GesturePinTests.xctest */;
			productType = "com.apple.product-type.bundle.unit-test";
		};
		144EB0CF1CE0E73A00F9509F /* GesturePinUITests */ = {
			isa = PBXNativeTarget;
			buildConfigurationList = 144EB0DF1CE0E73A00F9509F /* Build configuration list for PBXNativeTarget "GesturePinUITests" */;
			buildPhases = (
				144EB0CC1CE0E73A00F9509F /* Sources */,
				144EB0CD1CE0E73A00F9509F /* Frameworks */,
				144EB0CE1CE0E73A00F9509F /* Resources */,
			);
			buildRules = (
			);
			dependencies = (
				144EB0D21CE0E73A00F9509F /* PBXTargetDependency */,
			);
			name = GesturePinUITests;
			productName = GesturePinUITests;
			productReference = 144EB0D01CE0E73A00F9509F /* GesturePinUITests.xctest */;
			productType = "com.apple.product-type.bundle.ui-testing";
		};
/* End PBXNativeTarget section */

/* Begin PBXProject section */
		144EB0A91CE0E73900F9509F /* Project object */ = {
			isa = PBXProject;
			attributes = {
				LastSwiftUpdateCheck = 0730;
				LastUpgradeCheck = 0730;
				ORGANIZATIONNAME = "Xiaochao Luo";
				TargetAttributes = {
					144EB0B01CE0E73900F9509F = {
						CreatedOnToolsVersion = 7.3.1;
						DevelopmentTeam = 3KEDNP64AW;
					};
					144EB0C41CE0E73A00F9509F = {
						CreatedOnToolsVersion = 7.3.1;
						DevelopmentTeam = 3KEDNP64AW;
						TestTargetID = 144EB0B01CE0E73900F9509F;
					};
					144EB0CF1CE0E73A00F9509F = {
						CreatedOnToolsVersion = 7.3.1;
						DevelopmentTeam = 3KEDNP64AW;
						TestTargetID = 144EB0B01CE0E73900F9509F;
					};
				};
			};
			buildConfigurationList = 144EB0AC1CE0E73900F9509F /* Build configuration list for PBXProject "GesturePin" */;
			compatibilityVersion = "Xcode 3.2";
			developmentRegion = English;
			hasScannedForEncodings = 0;
			knownRegions = (
				en,
				Base,
			);
			mainGroup = 144EB0A81CE0E73900F9509F;
			productRefGroup = 144EB0B21CE0E73900F9509F /* Products */;
			projectDirPath = "";
			projectRoot = "";
			targets = (
				144EB0B01CE0E73900F9509F /* GesturePin */,
				144EB0C41CE0E73A00F9509F /* GesturePinTests */,
				144EB0CF1CE0E73A00F9509F /* GesturePinUITests */,
			);
		};
/* End PBXProject section */

/* Begin PBXResourcesBuildPhase section */
		144EB0AF1CE0E73900F9509F /* Resources */ = {
			isa = PBXResourcesBuildPhase;
			buildActionMask = 2147483647;
			files = (
				144EB0BF1CE0E73A00F9509F /* LaunchScreen.storyboard in Resources */,
				144EB0BC1CE0E73A00F9509F /* Assets.xcassets in Resources */,
				144EB0BA1CE0E73A00F9509F /* Main.storyboard in Resources */,
			);
			runOnlyForDeploymentPostprocessing = 0;
		};
		144EB0C31CE0E73A00F9509F /* Resources */ = {
			isa = PBXResourcesBuildPhase;
			buildActionMask = 2147483647;
			files = (
			);
			runOnlyForDeploymentPostprocessing = 0;
		};
		144EB0CE1CE0E73A00F9509F /* Resources */ = {
			isa = PBXResourcesBuildPhase;
			buildActionMask = 2147483647;
			files = (
			);
			runOnlyForDeploymentPostprocessing = 0;
		};
/* End PBXResourcesBuildPhase section */

/* Begin PBXSourcesBuildPhase section */
		144EB0AD1CE0E73900F9509F /* Sources */ = {
			isa = PBXSourcesBuildPhase;
			buildActionMask = 2147483647;
			files = (
				144EB0E51CE1301A00F9509F /* TestForPin.swift in Sources */,
				148DE8CB1CE2B6DC0021DF33 /* Pin.swift in Sources */,
				147DFD591CEBE57200F2946C /* TestVC1.swift in Sources */,
				144EB10C1CE17BD700F9509F /* imageInfo.swift in Sources */,
				147DFD5B1CEBE58100F2946C /* TestVC2.swift in Sources */,
				1436A5D41CE3E18900801591 /* Model.xcdatamodeld in Sources */,
				144EB0EC1CE1660F00F9509F /* VirtualTouristClient.swift in Sources */,
				144EB0B71CE0E73A00F9509F /* ViewController.swift in Sources */,
				148DE8CD1CE2C9BA0021DF33 /* ImageCache.swift in Sources */,
				144EB0B51CE0E73A00F9509F /* AppDelegate.swift in Sources */,
				144EB1081CE1740700F9509F /* Constants.swift in Sources */,
				1436A6131CE43AC100801591 /* CollectionViewController.swift in Sources */,
				148DE8CF1CE2E8500021DF33 /* CoreDataStackManager.swift in Sources */,
				144EB10E1CE192C800F9509F /* ImageDetailViewController.swift in Sources */,
				144EB10A1CE17A0000F9509F /* GCDBlackBox.swift in Sources */,
				1423C7C91CE5400400D5F1A1 /* CollectionViewCell.swift in Sources */,
				144EB1101CE1949D00F9509F /* image.swift in Sources */,
			);
			runOnlyForDeploymentPostprocessing = 0;
		};
		144EB0C11CE0E73A00F9509F /* Sources */ = {
			isa = PBXSourcesBuildPhase;
			buildActionMask = 2147483647;
			files = (
				144EB0CA1CE0E73A00F9509F /* GesturePinTests.swift in Sources */,
			);
			runOnlyForDeploymentPostprocessing = 0;
		};
		144EB0CC1CE0E73A00F9509F /* Sources */ = {
			isa = PBXSourcesBuildPhase;
			buildActionMask = 2147483647;
			files = (
				144EB0D51CE0E73A00F9509F /* GesturePinUITests.swift in Sources */,
			);
			runOnlyForDeploymentPostprocessing = 0;
		};
/* End PBXSourcesBuildPhase section */

/* Begin PBXTargetDependency section */
		144EB0C71CE0E73A00F9509F /* PBXTargetDependency */ = {
			isa = PBXTargetDependency;
			target = 144EB0B01CE0E73900F9509F /* GesturePin */;
			targetProxy = 144EB0C61CE0E73A00F9509F /* PBXContainerItemProxy */;
		};
		144EB0D21CE0E73A00F9509F /* PBXTargetDependency */ = {
			isa = PBXTargetDependency;
			target = 144EB0B01CE0E73900F9509F /* GesturePin */;
			targetProxy = 144EB0D11CE0E73A00F9509F /* PBXContainerItemProxy */;
		};
/* End PBXTargetDependency section */

/* Begin PBXVariantGroup section */
		144EB0B81CE0E73A00F9509F /* Main.storyboard */ = {
			isa = PBXVariantGroup;
			children = (
				144EB0B91CE0E73A00F9509F /* Base */,
			);
			name = Main.storyboard;
			sourceTree = "<group>";
		};
		144EB0BD1CE0E73A00F9509F /* LaunchScreen.storyboard */ = {
			isa = PBXVariantGroup;
			children = (
				144EB0BE1CE0E73A00F9509F /* Base */,
			);
			name = LaunchScreen.storyboard;
			sourceTree = "<group>";
		};
/* End PBXVariantGroup section */

/* Begin XCBuildConfiguration section */
		144EB0D71CE0E73A00F9509F /* Debug */ = {
			isa = XCBuildConfiguration;
			buildSettings = {
				ALWAYS_SEARCH_USER_PATHS = NO;
				CLANG_ANALYZER_NONNULL = YES;
				CLANG_CXX_LANGUAGE_STANDARD = "gnu++0x";
				CLANG_CXX_LIBRARY = "libc++";
				CLANG_ENABLE_MODULES = YES;
				CLANG_ENABLE_OBJC_ARC = YES;
				CLANG_WARN_BOOL_CONVERSION = YES;
				CLANG_WARN_CONSTANT_CONVERSION = YES;
				CLANG_WARN_DIRECT_OBJC_ISA_USAGE = YES_ERROR;
				CLANG_WARN_EMPTY_BODY = YES;
				CLANG_WARN_ENUM_CONVERSION = YES;
				CLANG_WARN_INT_CONVERSION = YES;
				CLANG_WARN_OBJC_ROOT_CLASS = YES_ERROR;
				CLANG_WARN_UNREACHABLE_CODE = YES;
				CLANG_WARN__DUPLICATE_METHOD_MATCH = YES;
				"CODE_SIGN_IDENTITY[sdk=iphoneos*]" = "iPhone Developer";
				COPY_PHASE_STRIP = NO;
				DEBUG_INFORMATION_FORMAT = dwarf;
				ENABLE_STRICT_OBJC_MSGSEND = YES;
				ENABLE_TESTABILITY = YES;
				GCC_C_LANGUAGE_STANDARD = gnu99;
				GCC_DYNAMIC_NO_PIC = NO;
				GCC_NO_COMMON_BLOCKS = YES;
				GCC_OPTIMIZATION_LEVEL = 0;
				GCC_PREPROCESSOR_DEFINITIONS = (
					"DEBUG=1",
					"$(inherited)",
				);
				GCC_WARN_64_TO_32_BIT_CONVERSION = YES;
				GCC_WARN_ABOUT_RETURN_TYPE = YES_ERROR;
				GCC_WARN_UNDECLARED_SELECTOR = YES;
				GCC_WARN_UNINITIALIZED_AUTOS = YES_AGGRESSIVE;
				GCC_WARN_UNUSED_FUNCTION = YES;
				GCC_WARN_UNUSED_VARIABLE = YES;
				IPHONEOS_DEPLOYMENT_TARGET = 9.3;
				MTL_ENABLE_DEBUG_INFO = YES;
				ONLY_ACTIVE_ARCH = YES;
				SDKROOT = iphoneos;
				SWIFT_OPTIMIZATION_LEVEL = "-Onone";
			};
			name = Debug;
		};
		144EB0D81CE0E73A00F9509F /* Release */ = {
			isa = XCBuildConfiguration;
			buildSettings = {
				ALWAYS_SEARCH_USER_PATHS = NO;
				CLANG_ANALYZER_NONNULL = YES;
				CLANG_CXX_LANGUAGE_STANDARD = "gnu++0x";
				CLANG_CXX_LIBRARY = "libc++";
				CLANG_ENABLE_MODULES = YES;
				CLANG_ENABLE_OBJC_ARC = YES;
				CLANG_WARN_BOOL_CONVERSION = YES;
				CLANG_WARN_CONSTANT_CONVERSION = YES;
				CLANG_WARN_DIRECT_OBJC_ISA_USAGE = YES_ERROR;
				CLANG_WARN_EMPTY_BODY = YES;
				CLANG_WARN_ENUM_CONVERSION = YES;
				CLANG_WARN_INT_CONVERSION = YES;
				CLANG_WARN_OBJC_ROOT_CLASS = YES_ERROR;
				CLANG_WARN_UNREACHABLE_CODE = YES;
				CLANG_WARN__DUPLICATE_METHOD_MATCH = YES;
				"CODE_SIGN_IDENTITY[sdk=iphoneos*]" = "iPhone Developer";
				COPY_PHASE_STRIP = NO;
				DEBUG_INFORMATION_FORMAT = "dwarf-with-dsym";
				ENABLE_NS_ASSERTIONS = NO;
				ENABLE_STRICT_OBJC_MSGSEND = YES;
				GCC_C_LANGUAGE_STANDARD = gnu99;
				GCC_NO_COMMON_BLOCKS = YES;
				GCC_WARN_64_TO_32_BIT_CONVERSION = YES;
				GCC_WARN_ABOUT_RETURN_TYPE = YES_ERROR;
				GCC_WARN_UNDECLARED_SELECTOR = YES;
				GCC_WARN_UNINITIALIZED_AUTOS = YES_AGGRESSIVE;
				GCC_WARN_UNUSED_FUNCTION = YES;
				GCC_WARN_UNUSED_VARIABLE = YES;
				IPHONEOS_DEPLOYMENT_TARGET = 9.3;
				MTL_ENABLE_DEBUG_INFO = NO;
				SDKROOT = iphoneos;
				VALIDATE_PRODUCT = YES;
			};
			name = Release;
		};
		144EB0DA1CE0E73A00F9509F /* Debug */ = {
			isa = XCBuildConfiguration;
			buildSettings = {
				ASSETCATALOG_COMPILER_APPICON_NAME = AppIcon;
				INFOPLIST_FILE = GesturePin/Info.plist;
				LD_RUNPATH_SEARCH_PATHS = "$(inherited) @executable_path/Frameworks";
				PRODUCT_BUNDLE_IDENTIFIER = LX.GesturePin;
				PRODUCT_NAME = "$(TARGET_NAME)";
			};
			name = Debug;
		};
		144EB0DB1CE0E73A00F9509F /* Release */ = {
			isa = XCBuildConfiguration;
			buildSettings = {
				ASSETCATALOG_COMPILER_APPICON_NAME = AppIcon;
				INFOPLIST_FILE = GesturePin/Info.plist;
				LD_RUNPATH_SEARCH_PATHS = "$(inherited) @executable_path/Frameworks";
				PRODUCT_BUNDLE_IDENTIFIER = LX.GesturePin;
				PRODUCT_NAME = "$(TARGET_NAME)";
			};
			name = Release;
		};
		144EB0DD1CE0E73A00F9509F /* Debug */ = {
			isa = XCBuildConfiguration;
			buildSettings = {
				BUNDLE_LOADER = "$(TEST_HOST)";
				INFOPLIST_FILE = GesturePinTests/Info.plist;
				LD_RUNPATH_SEARCH_PATHS = "$(inherited) @executable_path/Frameworks @loader_path/Frameworks";
				PRODUCT_BUNDLE_IDENTIFIER = LX.GesturePinTests;
				PRODUCT_NAME = "$(TARGET_NAME)";
				TEST_HOST = "$(BUILT_PRODUCTS_DIR)/GesturePin.app/GesturePin";
			};
			name = Debug;
		};
		144EB0DE1CE0E73A00F9509F /* Release */ = {
			isa = XCBuildConfiguration;
			buildSettings = {
				BUNDLE_LOADER = "$(TEST_HOST)";
				INFOPLIST_FILE = GesturePinTests/Info.plist;
				LD_RUNPATH_SEARCH_PATHS = "$(inherited) @executable_path/Frameworks @loader_path/Frameworks";
				PRODUCT_BUNDLE_IDENTIFIER = LX.GesturePinTests;
				PRODUCT_NAME = "$(TARGET_NAME)";
				TEST_HOST = "$(BUILT_PRODUCTS_DIR)/GesturePin.app/GesturePin";
			};
			name = Release;
		};
		144EB0E01CE0E73A00F9509F /* Debug */ = {
			isa = XCBuildConfiguration;
			buildSettings = {
				INFOPLIST_FILE = GesturePinUITests/Info.plist;
				LD_RUNPATH_SEARCH_PATHS = "$(inherited) @executable_path/Frameworks @loader_path/Frameworks";
				PRODUCT_BUNDLE_IDENTIFIER = LX.GesturePinUITests;
				PRODUCT_NAME = "$(TARGET_NAME)";
				TEST_TARGET_NAME = GesturePin;
			};
			name = Debug;
		};
		144EB0E11CE0E73A00F9509F /* Release */ = {
			isa = XCBuildConfiguration;
			buildSettings = {
				INFOPLIST_FILE = GesturePinUITests/Info.plist;
				LD_RUNPATH_SEARCH_PATHS = "$(inherited) @executable_path/Frameworks @loader_path/Frameworks";
				PRODUCT_BUNDLE_IDENTIFIER = LX.GesturePinUITests;
				PRODUCT_NAME = "$(TARGET_NAME)";
				TEST_TARGET_NAME = GesturePin;
			};
			name = Release;
		};
/* End XCBuildConfiguration section */

/* Begin XCConfigurationList section */
		144EB0AC1CE0E73900F9509F /* Build configuration list for PBXProject "GesturePin" */ = {
			isa = XCConfigurationList;
			buildConfigurations = (
				144EB0D71CE0E73A00F9509F /* Debug */,
				144EB0D81CE0E73A00F9509F /* Release */,
			);
			defaultConfigurationIsVisible = 0;
			defaultConfigurationName = Release;
		};
		144EB0D91CE0E73A00F9509F /* Build configuration list for PBXNativeTarget "GesturePin" */ = {
			isa = XCConfigurationList;
			buildConfigurations = (
				144EB0DA1CE0E73A00F9509F /* Debug */,
				144EB0DB1CE0E73A00F9509F /* Release */,
			);
			defaultConfigurationIsVisible = 0;
			defaultConfigurationName = Release;
		};
		144EB0DC1CE0E73A00F9509F /* Build configuration list for PBXNativeTarget "GesturePinTests" */ = {
			isa = XCConfigurationList;
			buildConfigurations = (
				144EB0DD1CE0E73A00F9509F /* Debug */,
				144EB0DE1CE0E73A00F9509F /* Release */,
			);
			defaultConfigurationIsVisible = 0;
			defaultConfigurationName = Release;
		};
		144EB0DF1CE0E73A00F9509F /* Build configuration list for PBXNativeTarget "GesturePinUITests" */ = {
			isa = XCConfigurationList;
			buildConfigurations = (
				144EB0E01CE0E73A00F9509F /* Debug */,
				144EB0E11CE0E73A00F9509F /* Release */,
			);
			defaultConfigurationIsVisible = 0;
			defaultConfigurationName = Release;
		};
/* End XCConfigurationList section */

/* Begin XCVersionGroup section */
		1436A5D21CE3E18900801591 /* Model.xcdatamodeld */ = {
			isa = XCVersionGroup;
			children = (
				1436A5D31CE3E18900801591 /* Model.xcdatamodel */,
			);
			currentVersion = 1436A5D31CE3E18900801591 /* Model.xcdatamodel */;
			path = Model.xcdatamodeld;
			sourceTree = "<group>";
			versionGroupType = wrapper.xcdatamodel;
		};
/* End XCVersionGroup section */
	};
	rootObject = 144EB0A91CE0E73900F9509F /* Project object */;
}
